
Microsoft Visual Studio Solution File, Format Version 12.00
# Visual Studio Version 16
VisualStudioVersion = 16.0.30907.101
MinimumVisualStudioVersion = 10.0.40219.1
Project("{FAE04EC0-301F-11D3-BF4B-00C04F79EFBC}") = "SerumClassLibrary", "SerumClassLibrary\SerumClassLibrary.csproj", "{5CF44C60-CA11-42D8-B606-A19283EA42D8}"
EndProject
Project("{FAE04EC0-301F-11D3-BF4B-00C04F79EFBC}") = "WFTestSerum", "..\WFTestSerum\WFTestSerum.csproj", "{D9853D01-290B-443B-8C0D-3D5E8814F3C6}"
EndProject
Global
	GlobalSection(SolutionConfigurationPlatforms) = preSolution
		Debug|Any CPU = Debug|Any CPU
		Release|Any CPU = Release|Any CPU
	EndGlobalSection
	GlobalSection(ProjectConfigurationPlatforms) = postSolution
		{5CF44C60-CA11-42D8-B606-A19283EA42D8}.Debug|Any CPU.ActiveCfg = Debug|Any CPU
		{5CF44C60-CA11-42D8-B606-A19283EA42D8}.Debug|Any CPU.Build.0 = Debug|Any CPU
		{5CF44C60-CA11-42D8-B606-A19283EA42D8}.Release|Any CPU.ActiveCfg = Release|Any CPU
		{5CF44C60-CA11-42D8-B606-A19283EA42D8}.Release|Any CPU.Build.0 = Release|Any CPU
		{D9853D01-290B-443B-8C0D-3D5E8814F3C6}.Debug|Any CPU.ActiveCfg = Debug|Any CPU
		{D9853D01-290B-443B-8C0D-3D5E8814F3C6}.Debug|Any CPU.Build.0 = Debug|Any CPU
		{D9853D01-290B-443B-8C0D-3D5E8814F3C6}.Release|Any CPU.ActiveCfg = Release|Any CPU
		{D9853D01-290B-443B-8C0D-3D5E8814F3C6}.Release|Any CPU.Build.0 = Release|Any CPU
	EndGlobalSection
	GlobalSection(SolutionProperties) = preSolution
		HideSolutionNode = FALSE
	EndGlobalSection
	GlobalSection(ExtensibilityGlobals) = postSolution
		SolutionGuid = {F47198CC-C09C-49AB-B866-737B0D5B0B95}
	EndGlobalSection
EndGlobal
